
Microsoft Visual Studio Solution File, Format Version 12.00
# Visual Studio 14
VisualStudioVersion = 14.0.24720.0
MinimumVisualStudioVersion = 10.0.40219.1
Project("{FAE04EC0-301F-11D3-BF4B-00C04F79EFBC}") = "Samples", "Samples\Samples.csproj", "{83824E04-DFB1-4A55-BD6B-8E9D78018DA7}"
EndProject
Project("{FAE04EC0-301F-11D3-BF4B-00C04F79EFBC}") = "Xu.Framework", "Xu.Framework\Xu.Framework.csproj", "{3BAD49DA-D5D1-47F2-BB0A-EE91E0E5639F}"
EndProject
Global
	GlobalSection(SolutionConfigurationPlatforms) = preSolution
		Debug|Any CPU = Debug|Any CPU
		Debug|x86 = Debug|x86
		Release|Any CPU = Release|Any CPU
		Release|x86 = Release|x86
	EndGlobalSection
	GlobalSection(ProjectConfigurationPlatforms) = postSolution
		{83824E04-DFB1-4A55-BD6B-8E9D78018DA7}.Debug|Any CPU.ActiveCfg = Debug|x86
		{83824E04-DFB1-4A55-BD6B-8E9D78018DA7}.Debug|x86.ActiveCfg = Debug|x86
		{83824E04-DFB1-4A55-BD6B-8E9D78018DA7}.Debug|x86.Build.0 = Debug|x86
		{83824E04-DFB1-4A55-BD6B-8E9D78018DA7}.Release|Any CPU.ActiveCfg = Release|x86
		{83824E04-DFB1-4A55-BD6B-8E9D78018DA7}.Release|x86.ActiveCfg = Release|x86
		{83824E04-DFB1-4A55-BD6B-8E9D78018DA7}.Release|x86.Build.0 = Release|x86
		{3BAD49DA-D5D1-47F2-BB0A-EE91E0E5639F}.Debug|Any CPU.ActiveCfg = Debug|Any CPU
		{3BAD49DA-D5D1-47F2-BB0A-EE91E0E5639F}.Debug|Any CPU.Build.0 = Debug|Any CPU
		{3BAD49DA-D5D1-47F2-BB0A-EE91E0E5639F}.Debug|x86.ActiveCfg = Debug|Any CPU
		{3BAD49DA-D5D1-47F2-BB0A-EE91E0E5639F}.Debug|x86.Build.0 = Debug|Any CPU
		{3BAD49DA-D5D1-47F2-BB0A-EE91E0E5639F}.Release|Any CPU.ActiveCfg = Release|Any CPU
		{3BAD49DA-D5D1-47F2-BB0A-EE91E0E5639F}.Release|Any CPU.Build.0 = Release|Any CPU
		{3BAD49DA-D5D1-47F2-BB0A-EE91E0E5639F}.Release|x86.ActiveCfg = Release|Any CPU
		{3BAD49DA-D5D1-47F2-BB0A-EE91E0E5639F}.Release|x86.Build.0 = Release|Any CPU
	EndGlobalSection
	GlobalSection(SolutionProperties) = preSolution
		HideSolutionNode = FALSE
	EndGlobalSection
EndGlobal
